
Microsoft Visual Studio Solution File, Format Version 12.00
# Visual Studio Version 17
VisualStudioVersion = 17.0.31903.59
MinimumVisualStudioVersion = 10.0.40219.1
Project("{FAE04EC0-301F-11D3-BF4B-00C04F79EFBC}") = "EXAMEN_PARCIAL_2", "EXAMEN_PARCIAL_2\EXAMEN_PARCIAL_2.csproj", "{82EC8B85-8862-4528-BCEB-E1D0A73F7F63}"
EndProject
Global
	GlobalSection(SolutionConfigurationPlatforms) = preSolution
		Debug|Any CPU = Debug|Any CPU
		Release|Any CPU = Release|Any CPU
	EndGlobalSection
	GlobalSection(SolutionProperties) = preSolution
		HideSolutionNode = FALSE
	EndGlobalSection
	GlobalSection(ProjectConfigurationPlatforms) = postSolution
		{82EC8B85-8862-4528-BCEB-E1D0A73F7F63}.Debug|Any CPU.ActiveCfg = Debug|Any CPU
		{82EC8B85-8862-4528-BCEB-E1D0A73F7F63}.Debug|Any CPU.Build.0 = Debug|Any CPU
		{82EC8B85-8862-4528-BCEB-E1D0A73F7F63}.Release|Any CPU.ActiveCfg = Release|Any CPU
		{82EC8B85-8862-4528-BCEB-E1D0A73F7F63}.Release|Any CPU.Build.0 = Release|Any CPU
	EndGlobalSection
EndGlobal
